
Microsoft Visual Studio Solution File, Format Version 12.00
# Visual Studio Version 17
VisualStudioVersion = 17.1.32210.238
MinimumVisualStudioVersion = 10.0.40219.1
Project("{FAE04EC0-301F-11D3-BF4B-00C04F79EFBC}") = "SalesWebCourse", "SalesWebCourse\SalesWebCourse.csproj", "{36FA15BD-8041-4976-AD70-19123E972BBE}"
EndProject
Global
	GlobalSection(SolutionConfigurationPlatforms) = preSolution
		Debug|Any CPU = Debug|Any CPU
		Release|Any CPU = Release|Any CPU
	EndGlobalSection
	GlobalSection(ProjectConfigurationPlatforms) = postSolution
		{36FA15BD-8041-4976-AD70-19123E972BBE}.Debug|Any CPU.ActiveCfg = Debug|Any CPU
		{36FA15BD-8041-4976-AD70-19123E972BBE}.Debug|Any CPU.Build.0 = Debug|Any CPU
		{36FA15BD-8041-4976-AD70-19123E972BBE}.Release|Any CPU.ActiveCfg = Release|Any CPU
		{36FA15BD-8041-4976-AD70-19123E972BBE}.Release|Any CPU.Build.0 = Release|Any CPU
	EndGlobalSection
	GlobalSection(SolutionProperties) = preSolution
		HideSolutionNode = FALSE
	EndGlobalSection
	GlobalSection(ExtensibilityGlobals) = postSolution
		SolutionGuid = {D93C887F-41ED-43E6-8EA9-5DA1260F020B}
	EndGlobalSection
EndGlobal
